{
  "name": "tex.ninja",
  "version": "1.0.0",
  "lockfileVersion": 1,
  "requires": true,
  "dependencies": {
    "@types/katex": {
      "version": "0.5.0",
      "resolved": "https://registry.npmjs.org/@types/katex/-/katex-0.5.0.tgz",
      "integrity": "sha1-p9u5gfG8icixtef6ihziYXqy81g=",
      "dev": true
    },
    "@types/moo": {
      "version": "0.4.0",
      "resolved": "https://registry.npmjs.org/@types/moo/-/moo-0.4.0.tgz",
      "integrity": "sha512-F/p8V3EN/6rlS9Qc3VZkjjH8gLzWmcQEPtnV2smWrVRflVDwHWTke/CEV/jR9RqRhl2Gq+hsbDKARCVdeEASuA==",
      "dev": true
    },
    "ansi-styles": {
      "version": "1.0.0",
      "resolved": "https://registry.npmjs.org/ansi-styles/-/ansi-styles-1.0.0.tgz",
      "integrity": "sha1-yxAt8cVvUSPquLZ817mAJ6AnkXg="
    },
    "chalk": {
      "version": "0.4.0",
      "resolved": "https://registry.npmjs.org/chalk/-/chalk-0.4.0.tgz",
      "integrity": "sha1-UZmj3c0MHv4jvAjBsCewYXbgxk8=",
      "requires": {
        "ansi-styles": "~1.0.0",
        "has-color": "~0.1.0",
        "strip-ansi": "~0.1.0"
      }
    },
    "has-color": {
      "version": "0.1.7",
      "resolved": "https://registry.npmjs.org/has-color/-/has-color-0.1.7.tgz",
      "integrity": "sha1-ZxRKUmDDT8PMpnfQQdr1L+e3iy8="
    },
    "katex": {
      "version": "0.10.0-beta",
      "resolved": "https://registry.npmjs.org/katex/-/katex-0.10.0-beta.tgz",
      "integrity": "sha512-zUTJmCTgm93ajASvhQSO/QxBRHdEGaxo/jwnl9OThaamU7rnbW2JIJTMn1Iy3JrgwlQ6UQOpipdJ7FjG0J8oeA==",
      "requires": {
        "match-at": "^0.1.1",
        "nomnom": "^1.8.1"
      }
    },
    "match-at": {
      "version": "0.1.1",
      "resolved": "https://registry.npmjs.org/match-at/-/match-at-0.1.1.tgz",
      "integrity": "sha512-h4Yd392z9mST+dzc+yjuybOGFNOZjmXIPKWjxBd1Bb23r4SmDOsk2NYCU2BMUBGbSpZqwVsZYNq26QS3xfaT3Q=="
    },
    "moo": {
      "version": "0.4.3",
      "resolved": "https://registry.npmjs.org/moo/-/moo-0.4.3.tgz",
      "integrity": "sha512-gFD2xGCl8YFgGHsqJ9NKRVdwlioeW3mI1iqfLNYQOv0+6JRwG58Zk9DIGQgyIaffSYaO1xsKnMaYzzNr1KyIAw=="
    },
    "nomnom": {
      "version": "1.8.1",
      "resolved": "https://registry.npmjs.org/nomnom/-/nomnom-1.8.1.tgz",
      "integrity": "sha1-IVH3Ikcrp55Qp2/BJbuMjy5Nwqc=",
      "requires": {
        "chalk": "~0.4.0",
        "underscore": "~1.6.0"
      }
    },
    "strip-ansi": {
      "version": "0.1.1",
      "resolved": "https://registry.npmjs.org/strip-ansi/-/strip-ansi-0.1.1.tgz",
      "integrity": "sha1-OeipjQRNFQZgq+SmgIrPcLt7yZE="
    },
    "texdown": {
      "version": "2.0.2",
      "resolved": "https://registry.npmjs.org/texdown/-/texdown-2.0.2.tgz",
      "integrity": "sha512-qzSRXENQ5cvlLvpB/+MBpRZCwZhBh70IGukw/OUwv7tkoAdN6yvhmXfGUewbjVQ5P8RhjqsE63hYyrpfEWZEag==",
      "requires": {
        "moo": "*"
      }
    },
    "underscore": {
      "version": "1.6.0",
      "resolved": "https://registry.npmjs.org/underscore/-/underscore-1.6.0.tgz",
      "integrity": "sha1-izixDKze9jM3uLJOT/htRa6lKag="
    }
  }
}
